
Microsoft Visual Studio Solution File, Format Version 12.00
# Visual Studio Version 16
VisualStudioVersion = 16.0.30104.148
MinimumVisualStudioVersion = 10.0.40219.1
Project("{FAE04EC0-301F-11D3-BF4B-00C04F79EFBC}") = "SOAP_asmx", "SOAP_asmx.csproj", "{DB353410-F5C0-4F1C-97BE-1E6006C1FD4F}"
EndProject
Global
	GlobalSection(SolutionConfigurationPlatforms) = preSolution
		Debug|Any CPU = Debug|Any CPU
		Release|Any CPU = Release|Any CPU
	EndGlobalSection
	GlobalSection(ProjectConfigurationPlatforms) = postSolution
		{DB353410-F5C0-4F1C-97BE-1E6006C1FD4F}.Debug|Any CPU.ActiveCfg = Debug|Any CPU
		{DB353410-F5C0-4F1C-97BE-1E6006C1FD4F}.Debug|Any CPU.Build.0 = Debug|Any CPU
		{DB353410-F5C0-4F1C-97BE-1E6006C1FD4F}.Release|Any CPU.ActiveCfg = Release|Any CPU
		{DB353410-F5C0-4F1C-97BE-1E6006C1FD4F}.Release|Any CPU.Build.0 = Release|Any CPU
	EndGlobalSection
	GlobalSection(SolutionProperties) = preSolution
		HideSolutionNode = FALSE
	EndGlobalSection
	GlobalSection(ExtensibilityGlobals) = postSolution
		SolutionGuid = {E1433EB3-42D3-4F0A-B83B-B0FFBFB86D0F}
	EndGlobalSection
EndGlobal
